
Microsoft Visual Studio Solution File, Format Version 12.00
# Visual Studio 15
VisualStudioVersion = 15.0.27004.2006
MinimumVisualStudioVersion = 10.0.40219.1
Project("{FAE04EC0-301F-11D3-BF4B-00C04F79EFBC}") = "PSAWindowsFormsUI", "PersonalSpendingAnalysis\PSAWindowsFormsUI.csproj", "{7CC098D9-3E13-432F-B483-5528B28F3C8C}"
EndProject
Project("{FAE04EC0-301F-11D3-BF4B-00C04F79EFBC}") = "ServicesIntegrationTestsUsingFake", "UnitTests\ServicesIntegrationTestsUsingFake.csproj", "{3C3615B4-D37A-4377-A10B-B7E1D65F54BA}"
EndProject
Project("{FAE04EC0-301F-11D3-BF4B-00C04F79EFBC}") = "Repositories", "Repositories\Repositories.csproj", "{375839F4-9024-4FC8-8023-E348B02ADB8F}"
EndProject
Project("{FAE04EC0-301F-11D3-BF4B-00C04F79EFBC}") = "Services", "Services\Services.csproj", "{8EEB7ED2-29B7-45EA-98ED-BCA93A133A1D}"
EndProject
Project("{FAE04EC0-301F-11D3-BF4B-00C04F79EFBC}") = "IRepositories", "IRepositories\IRepositories.csproj", "{020EFDB1-C066-4804-A120-F5824C138514}"
EndProject
Project("{FAE04EC0-301F-11D3-BF4B-00C04F79EFBC}") = "IServices", "IServices\IServices.csproj", "{087AF45B-3990-4C0C-90A6-168FBF69C852}"
EndProject
Project("{FAE04EC0-301F-11D3-BF4B-00C04F79EFBC}") = "Dtos", "Dtos\Dtos.csproj", "{6A1E7D70-EBF6-46C5-A486-0F9CD9EB6E90}"
EndProject
Project("{FAE04EC0-301F-11D3-BF4B-00C04F79EFBC}") = "Models", "Models\Models.csproj", "{C76BD010-8A12-4A4F-A79F-BE36A1B573E8}"
EndProject
Project("{FAE04EC0-301F-11D3-BF4B-00C04F79EFBC}") = "Enums", "Enums\Enums.csproj", "{680D9345-F59D-4052-84ED-EC0E1B0095DD}"
EndProject
Project("{FAE04EC0-301F-11D3-BF4B-00C04F79EFBC}") = "MVCWebApp", "MVCWebApp\MVCWebApp.csproj", "{A9FDD17D-4EEA-46BA-AAD0-20A54AFFAE35}"
EndProject
Project("{FAE04EC0-301F-11D3-BF4B-00C04F79EFBC}") = "MVCWebApp.Tests", "MVCWebApp.Tests\MVCWebApp.Tests.csproj", "{EF41C1C3-A544-4C72-95E4-6C0BA63F5BC7}"
EndProject
Project("{FAE04EC0-301F-11D3-BF4B-00C04F79EFBC}") = "WebFormsApp", "WebFormsApp\WebFormsApp.csproj", "{B817635C-397D-488F-930F-F55BAA005E06}"
EndProject
Project("{FAE04EC0-301F-11D3-BF4B-00C04F79EFBC}") = "WebFormsApp.Tests", "WebFormsApp.Tests\WebFormsApp.Tests.csproj", "{90091771-6116-475B-9CE1-D92DD4D5A4D0}"
EndProject
Project("{2150E333-8FDC-42A3-9474-1A3956D46DE8}") = "BusinessLogicLayer", "BusinessLogicLayer", "{C325B609-08B1-4D8A-A4C4-6F9FB72E3DCE}"
EndProject
Project("{2150E333-8FDC-42A3-9474-1A3956D46DE8}") = "Web", "Web", "{8D7FB067-17D3-4AC0-9E94-9878AF55FE7A}"
EndProject
Project("{2150E333-8FDC-42A3-9474-1A3956D46DE8}") = "UI", "UI", "{919ECEE8-8C75-404E-BA3C-81B825AD3C72}"
EndProject
Project("{2150E333-8FDC-42A3-9474-1A3956D46DE8}") = "RepositoryLayer", "RepositoryLayer", "{DCE6FFD3-A808-463D-9E93-D7B78B3680DA}"
EndProject
Project("{2150E333-8FDC-42A3-9474-1A3956D46DE8}") = "Common", "Common", "{13EF6B4A-F270-41B3-8D6C-60A53AA31892}"
EndProject
Project("{FAE04EC0-301F-11D3-BF4B-00C04F79EFBC}") = "FakeRepo", "FakeRepo\FakeRepo.csproj", "{1ACF3095-8352-41B1-AAB0-7FBDAD867353}"
EndProject
Project("{FAE04EC0-301F-11D3-BF4B-00C04F79EFBC}") = "ServiceUnitTestsUsingMoq", "ServiceUnitTestsUsingMoq\ServiceUnitTestsUsingMoq.csproj", "{F577D6D1-AA08-4F5E-ACD2-0E6419CA6A61}"
EndProject
Global
	GlobalSection(SolutionConfigurationPlatforms) = preSolution
		Debug|Any CPU = Debug|Any CPU
		Release|Any CPU = Release|Any CPU
	EndGlobalSection
	GlobalSection(ProjectConfigurationPlatforms) = postSolution
		{7CC098D9-3E13-432F-B483-5528B28F3C8C}.Debug|Any CPU.ActiveCfg = Debug|Any CPU
		{7CC098D9-3E13-432F-B483-5528B28F3C8C}.Debug|Any CPU.Build.0 = Debug|Any CPU
		{7CC098D9-3E13-432F-B483-5528B28F3C8C}.Release|Any CPU.ActiveCfg = Release|Any CPU
		{7CC098D9-3E13-432F-B483-5528B28F3C8C}.Release|Any CPU.Build.0 = Release|Any CPU
		{3C3615B4-D37A-4377-A10B-B7E1D65F54BA}.Debug|Any CPU.ActiveCfg = Debug|Any CPU
		{3C3615B4-D37A-4377-A10B-B7E1D65F54BA}.Debug|Any CPU.Build.0 = Debug|Any CPU
		{3C3615B4-D37A-4377-A10B-B7E1D65F54BA}.Release|Any CPU.ActiveCfg = Release|Any CPU
		{3C3615B4-D37A-4377-A10B-B7E1D65F54BA}.Release|Any CPU.Build.0 = Release|Any CPU
		{375839F4-9024-4FC8-8023-E348B02ADB8F}.Debug|Any CPU.ActiveCfg = Debug|Any CPU
		{375839F4-9024-4FC8-8023-E348B02ADB8F}.Debug|Any CPU.Build.0 = Debug|Any CPU
		{375839F4-9024-4FC8-8023-E348B02ADB8F}.Release|Any CPU.ActiveCfg = Release|Any CPU
		{375839F4-9024-4FC8-8023-E348B02ADB8F}.Release|Any CPU.Build.0 = Release|Any CPU
		{8EEB7ED2-29B7-45EA-98ED-BCA93A133A1D}.Debug|Any CPU.ActiveCfg = Debug|Any CPU
		{8EEB7ED2-29B7-45EA-98ED-BCA93A133A1D}.Debug|Any CPU.Build.0 = Debug|Any CPU
		{8EEB7ED2-29B7-45EA-98ED-BCA93A133A1D}.Release|Any CPU.ActiveCfg = Release|Any CPU
		{8EEB7ED2-29B7-45EA-98ED-BCA93A133A1D}.Release|Any CPU.Build.0 = Release|Any CPU
		{020EFDB1-C066-4804-A120-F5824C138514}.Debug|Any CPU.ActiveCfg = Debug|Any CPU
		{020EFDB1-C066-4804-A120-F5824C138514}.Debug|Any CPU.Build.0 = Debug|Any CPU
		{020EFDB1-C066-4804-A120-F5824C138514}.Release|Any CPU.ActiveCfg = Release|Any CPU
		{020EFDB1-C066-4804-A120-F5824C138514}.Release|Any CPU.Build.0 = Release|Any CPU
		{087AF45B-3990-4C0C-90A6-168FBF69C852}.Debug|Any CPU.ActiveCfg = Debug|Any CPU
		{087AF45B-3990-4C0C-90A6-168FBF69C852}.Debug|Any CPU.Build.0 = Debug|Any CPU
		{087AF45B-3990-4C0C-90A6-168FBF69C852}.Release|Any CPU.ActiveCfg = Release|Any CPU
		{087AF45B-3990-4C0C-90A6-168FBF69C852}.Release|Any CPU.Build.0 = Release|Any CPU
		{6A1E7D70-EBF6-46C5-A486-0F9CD9EB6E90}.Debug|Any CPU.ActiveCfg = Debug|Any CPU
		{6A1E7D70-EBF6-46C5-A486-0F9CD9EB6E90}.Debug|Any CPU.Build.0 = Debug|Any CPU
		{6A1E7D70-EBF6-46C5-A486-0F9CD9EB6E90}.Release|Any CPU.ActiveCfg = Release|Any CPU
		{6A1E7D70-EBF6-46C5-A486-0F9CD9EB6E90}.Release|Any CPU.Build.0 = Release|Any CPU
		{C76BD010-8A12-4A4F-A79F-BE36A1B573E8}.Debug|Any CPU.ActiveCfg = Debug|Any CPU
		{C76BD010-8A12-4A4F-A79F-BE36A1B573E8}.Debug|Any CPU.Build.0 = Debug|Any CPU
		{C76BD010-8A12-4A4F-A79F-BE36A1B573E8}.Release|Any CPU.ActiveCfg = Release|Any CPU
		{C76BD010-8A12-4A4F-A79F-BE36A1B573E8}.Release|Any CPU.Build.0 = Release|Any CPU
		{680D9345-F59D-4052-84ED-EC0E1B0095DD}.Debug|Any CPU.ActiveCfg = Debug|Any CPU
		{680D9345-F59D-4052-84ED-EC0E1B0095DD}.Debug|Any CPU.Build.0 = Debug|Any CPU
		{680D9345-F59D-4052-84ED-EC0E1B0095DD}.Release|Any CPU.ActiveCfg = Release|Any CPU
		{680D9345-F59D-4052-84ED-EC0E1B0095DD}.Release|Any CPU.Build.0 = Release|Any CPU
		{A9FDD17D-4EEA-46BA-AAD0-20A54AFFAE35}.Debug|Any CPU.ActiveCfg = Debug|Any CPU
		{A9FDD17D-4EEA-46BA-AAD0-20A54AFFAE35}.Debug|Any CPU.Build.0 = Debug|Any CPU
		{A9FDD17D-4EEA-46BA-AAD0-20A54AFFAE35}.Release|Any CPU.ActiveCfg = Release|Any CPU
		{A9FDD17D-4EEA-46BA-AAD0-20A54AFFAE35}.Release|Any CPU.Build.0 = Release|Any CPU
		{EF41C1C3-A544-4C72-95E4-6C0BA63F5BC7}.Debug|Any CPU.ActiveCfg = Debug|Any CPU
		{EF41C1C3-A544-4C72-95E4-6C0BA63F5BC7}.Debug|Any CPU.Build.0 = Debug|Any CPU
		{EF41C1C3-A544-4C72-95E4-6C0BA63F5BC7}.Release|Any CPU.ActiveCfg = Release|Any CPU
		{EF41C1C3-A544-4C72-95E4-6C0BA63F5BC7}.Release|Any CPU.Build.0 = Release|Any CPU
		{B817635C-397D-488F-930F-F55BAA005E06}.Debug|Any CPU.ActiveCfg = Debug|Any CPU
		{B817635C-397D-488F-930F-F55BAA005E06}.Debug|Any CPU.Build.0 = Debug|Any CPU
		{B817635C-397D-488F-930F-F55BAA005E06}.Release|Any CPU.ActiveCfg = Release|Any CPU
		{B817635C-397D-488F-930F-F55BAA005E06}.Release|Any CPU.Build.0 = Release|Any CPU
		{90091771-6116-475B-9CE1-D92DD4D5A4D0}.Debug|Any CPU.ActiveCfg = Debug|Any CPU
		{90091771-6116-475B-9CE1-D92DD4D5A4D0}.Debug|Any CPU.Build.0 = Debug|Any CPU
		{90091771-6116-475B-9CE1-D92DD4D5A4D0}.Release|Any CPU.ActiveCfg = Release|Any CPU
		{90091771-6116-475B-9CE1-D92DD4D5A4D0}.Release|Any CPU.Build.0 = Release|Any CPU
		{1ACF3095-8352-41B1-AAB0-7FBDAD867353}.Debug|Any CPU.ActiveCfg = Debug|Any CPU
		{1ACF3095-8352-41B1-AAB0-7FBDAD867353}.Debug|Any CPU.Build.0 = Debug|Any CPU
		{1ACF3095-8352-41B1-AAB0-7FBDAD867353}.Release|Any CPU.ActiveCfg = Release|Any CPU
		{1ACF3095-8352-41B1-AAB0-7FBDAD867353}.Release|Any CPU.Build.0 = Release|Any CPU
		{F577D6D1-AA08-4F5E-ACD2-0E6419CA6A61}.Debug|Any CPU.ActiveCfg = Debug|Any CPU
		{F577D6D1-AA08-4F5E-ACD2-0E6419CA6A61}.Debug|Any CPU.Build.0 = Debug|Any CPU
		{F577D6D1-AA08-4F5E-ACD2-0E6419CA6A61}.Release|Any CPU.ActiveCfg = Release|Any CPU
		{F577D6D1-AA08-4F5E-ACD2-0E6419CA6A61}.Release|Any CPU.Build.0 = Release|Any CPU
	EndGlobalSection
	GlobalSection(SolutionProperties) = preSolution
		HideSolutionNode = FALSE
	EndGlobalSection
	GlobalSection(NestedProjects) = preSolution
		{7CC098D9-3E13-432F-B483-5528B28F3C8C} = {919ECEE8-8C75-404E-BA3C-81B825AD3C72}
		{3C3615B4-D37A-4377-A10B-B7E1D65F54BA} = {C325B609-08B1-4D8A-A4C4-6F9FB72E3DCE}
		{375839F4-9024-4FC8-8023-E348B02ADB8F} = {DCE6FFD3-A808-463D-9E93-D7B78B3680DA}
		{8EEB7ED2-29B7-45EA-98ED-BCA93A133A1D} = {C325B609-08B1-4D8A-A4C4-6F9FB72E3DCE}
		{020EFDB1-C066-4804-A120-F5824C138514} = {DCE6FFD3-A808-463D-9E93-D7B78B3680DA}
		{087AF45B-3990-4C0C-90A6-168FBF69C852} = {C325B609-08B1-4D8A-A4C4-6F9FB72E3DCE}
		{6A1E7D70-EBF6-46C5-A486-0F9CD9EB6E90} = {DCE6FFD3-A808-463D-9E93-D7B78B3680DA}
		{C76BD010-8A12-4A4F-A79F-BE36A1B573E8} = {C325B609-08B1-4D8A-A4C4-6F9FB72E3DCE}
		{680D9345-F59D-4052-84ED-EC0E1B0095DD} = {13EF6B4A-F270-41B3-8D6C-60A53AA31892}
		{A9FDD17D-4EEA-46BA-AAD0-20A54AFFAE35} = {8D7FB067-17D3-4AC0-9E94-9878AF55FE7A}
		{EF41C1C3-A544-4C72-95E4-6C0BA63F5BC7} = {8D7FB067-17D3-4AC0-9E94-9878AF55FE7A}
		{B817635C-397D-488F-930F-F55BAA005E06} = {8D7FB067-17D3-4AC0-9E94-9878AF55FE7A}
		{90091771-6116-475B-9CE1-D92DD4D5A4D0} = {8D7FB067-17D3-4AC0-9E94-9878AF55FE7A}
		{1ACF3095-8352-41B1-AAB0-7FBDAD867353} = {DCE6FFD3-A808-463D-9E93-D7B78B3680DA}
		{F577D6D1-AA08-4F5E-ACD2-0E6419CA6A61} = {C325B609-08B1-4D8A-A4C4-6F9FB72E3DCE}
	EndGlobalSection
	GlobalSection(ExtensibilityGlobals) = postSolution
		SolutionGuid = {A3F83A69-4670-420D-B77D-E09E78F543F7}
	EndGlobalSection
EndGlobal
